# This file is automatically @generated by Cargo.
# It is not intended for manual editing.
version = 3

[[package]]
name = "anyhow"
version = "1.0.72"
source = "registry+https://github.com/rust-lang/crates.io-index"
checksum = "3b13c32d80ecc7ab747b80c3784bce54ee8a7a0cc4fbda9bf4cda2cf6fe90854"

[[package]]
name = "bstr"
version = "1.6.0"
source = "registry+https://github.com/rust-lang/crates.io-index"
checksum = "6798148dccfbff0fae41c7574d2fa8f1ef3492fba0face179de5d8d447d67b05"
dependencies = [
 "memchr",
 "serde",
]

[[package]]
name = "cc"
version = "1.0.87"
source = "registry+https://github.com/rust-lang/crates.io-index"
checksum = "3286b845d0fccbdd15af433f61c5970e711987036cb468f437ff6badd70f4e24"

[[package]]
name = "main"
version = "3.3.0"
dependencies = [
 "anyhow",
 "shared",
 "stringzilla",
]

[[package]]
name = "memchr"
version = "2.5.0"
source = "registry+https://github.com/rust-lang/crates.io-index"
checksum = "2dffe52ecf27772e601905b7522cb4ef790d2cc203488bbd0e2fe85fcb74566d"

[[package]]
name = "serde"
version = "1.0.178"
source = "registry+https://github.com/rust-lang/crates.io-index"
checksum = "60363bdd39a7be0266a520dab25fdc9241d2f987b08a01e01f0ec6d06a981348"

[[package]]
name = "shared"
version = "0.1.0"
dependencies = [
 "anyhow",
 "bstr",
]

[[package]]
name = "stringzilla"
version = "3.3.0"
source = "registry+https://github.com/rust-lang/crates.io-index"
checksum = "53a7521ac3427b9007b364cb7b412d5d2634c6a1108d95b73dd55d7341379df2"
dependencies = [
 "cc",
]
